
Microsoft Visual Studio Solution File, Format Version 12.00
# Visual Studio Version 17
VisualStudioVersion = 17.12.35506.116
MinimumVisualStudioVersion = 10.0.40219.1
Project("{FAE04EC0-301F-11D3-BF4B-00C04F79EFBC}") = "WaypointGenerator", "WaypointGenerator\WaypointGenerator.csproj", "{035C29CE-AAF8-4663-9F1D-DFC6F7145E22}"
EndProject
Project("{FAE04EC0-301F-11D3-BF4B-00C04F79EFBC}") = "WaypointGenerator.Tests", "WaypointGenerator.Tests\WaypointGenerator.Tests.csproj", "{01CFAA54-095B-4F6D-B914-2E1BA69DC7FB}"
EndProject
Global
	GlobalSection(SolutionConfigurationPlatforms) = preSolution
		Debug|Any CPU = Debug|Any CPU
		Release|Any CPU = Release|Any CPU
	EndGlobalSection
	GlobalSection(ProjectConfigurationPlatforms) = postSolution
		{035C29CE-AAF8-4663-9F1D-DFC6F7145E22}.Debug|Any CPU.ActiveCfg = Debug|Any CPU
		{035C29CE-AAF8-4663-9F1D-DFC6F7145E22}.Debug|Any CPU.Build.0 = Debug|Any CPU
		{035C29CE-AAF8-4663-9F1D-DFC6F7145E22}.Release|Any CPU.ActiveCfg = Release|Any CPU
		{035C29CE-AAF8-4663-9F1D-DFC6F7145E22}.Release|Any CPU.Build.0 = Release|Any CPU
		{01CFAA54-095B-4F6D-B914-2E1BA69DC7FB}.Debug|Any CPU.ActiveCfg = Debug|Any CPU
		{01CFAA54-095B-4F6D-B914-2E1BA69DC7FB}.Debug|Any CPU.Build.0 = Debug|Any CPU
		{01CFAA54-095B-4F6D-B914-2E1BA69DC7FB}.Release|Any CPU.ActiveCfg = Release|Any CPU
		{01CFAA54-095B-4F6D-B914-2E1BA69DC7FB}.Release|Any CPU.Build.0 = Release|Any CPU
	EndGlobalSection
	GlobalSection(SolutionProperties) = preSolution
		HideSolutionNode = FALSE
	EndGlobalSection
EndGlobal
